github.com/Lofanmi/chinese-calendar-golang v0.0.0-20200229180428-6d37a682e748 h1:aMzo0TqXCJbKsoEt4eNYh8e3j19zkK8jQn181b9TBYA=
github.com/hsldymq/chinese-calendar-golang v0.0.0-20200319122501-97b9e578f489 h1:oqoJ80mtSs/zcBZVSR5V4pNOLunI7a6Kekc3Sul1OL8=
github.com/hsldymq/go-chinese-calendar v0.0.0-20200315090108-9c4ad0778305 h1:fUIIz3UvFJcBpUPga94cUAxlyd6431BA3jNlVtVXsm8=
github.com/hsldymq/go-chinese-calendar v0.0.0-20200315090108-9c4ad0778305/go.mod h1:xE6uc0UtoyMJrkeFPzk08hHfYUUXnNMVG112qC3b+zk=
